
Microsoft Visual Studio Solution File, Format Version 12.00
# Visual Studio 15
VisualStudioVersion = 15.0.27703.2042
MinimumVisualStudioVersion = 10.0.40219.1
Project("{FAE04EC0-301F-11D3-BF4B-00C04F79EFBC}") = "AppBelatrix", "AppBelatrix\AppBelatrix.csproj", "{2B84271B-0763-4DB4-9564-7D4894715A05}"
EndProject
Project("{FAE04EC0-301F-11D3-BF4B-00C04F79EFBC}") = "AppBelatrix.Test", "AppBelatrix.Test\AppBelatrix.Test.csproj", "{5D52EAAE-0C02-4459-B8E0-C3B1D0143C9A}"
EndProject
Project("{FAE04EC0-301F-11D3-BF4B-00C04F79EFBC}") = "LogServices", "LogServices\LogServices.csproj", "{926C8F19-F5D9-49B6-A46B-89E2D4C3E49A}"
EndProject
Global
	GlobalSection(SolutionConfigurationPlatforms) = preSolution
		Debug|Any CPU = Debug|Any CPU
		Release|Any CPU = Release|Any CPU
	EndGlobalSection
	GlobalSection(ProjectConfigurationPlatforms) = postSolution
		{2B84271B-0763-4DB4-9564-7D4894715A05}.Debug|Any CPU.ActiveCfg = Debug|Any CPU
		{2B84271B-0763-4DB4-9564-7D4894715A05}.Debug|Any CPU.Build.0 = Debug|Any CPU
		{2B84271B-0763-4DB4-9564-7D4894715A05}.Release|Any CPU.ActiveCfg = Release|Any CPU
		{2B84271B-0763-4DB4-9564-7D4894715A05}.Release|Any CPU.Build.0 = Release|Any CPU
		{5D52EAAE-0C02-4459-B8E0-C3B1D0143C9A}.Debug|Any CPU.ActiveCfg = Debug|Any CPU
		{5D52EAAE-0C02-4459-B8E0-C3B1D0143C9A}.Debug|Any CPU.Build.0 = Debug|Any CPU
		{5D52EAAE-0C02-4459-B8E0-C3B1D0143C9A}.Release|Any CPU.ActiveCfg = Release|Any CPU
		{5D52EAAE-0C02-4459-B8E0-C3B1D0143C9A}.Release|Any CPU.Build.0 = Release|Any CPU
		{926C8F19-F5D9-49B6-A46B-89E2D4C3E49A}.Debug|Any CPU.ActiveCfg = Debug|Any CPU
		{926C8F19-F5D9-49B6-A46B-89E2D4C3E49A}.Debug|Any CPU.Build.0 = Debug|Any CPU
		{926C8F19-F5D9-49B6-A46B-89E2D4C3E49A}.Release|Any CPU.ActiveCfg = Release|Any CPU
		{926C8F19-F5D9-49B6-A46B-89E2D4C3E49A}.Release|Any CPU.Build.0 = Release|Any CPU
	EndGlobalSection
	GlobalSection(SolutionProperties) = preSolution
		HideSolutionNode = FALSE
	EndGlobalSection
	GlobalSection(ExtensibilityGlobals) = postSolution
		SolutionGuid = {9C5D77C9-E387-45AD-ABC3-C9879E6E7F99}
	EndGlobalSection
EndGlobal
